dependencies:
- name: qtest-launch
  repository: https://tricentis.github.io/qTest.Charts
  version: 1.6.5
- name: qtest-insights
  repository: https://tricentis.github.io/qTest.Charts
  version: 1.8.7
- name: qtest-insights-etl
  repository: https://tricentis.github.io/qTest.Charts
  version: 1.6.0
- name: qtest-parameters
  repository: https://tricentis.github.io/qTest.Charts
  version: 1.6.4
- name: qtest-pulse
  repository: https://tricentis.github.io/qTest.Charts
  version: 1.7.3
- name: qtest-scenario
  repository: https://tricentis.github.io/qTest.Charts
  version: 1.7.1
- name: qtest-session
  repository: https://tricentis.github.io/qTest.Charts
  version: 1.9.3
- name: reloader
  repository: https://stakater.github.io/stakater-charts
  version: 2.2.8
digest: sha256:3622be26873f56589adaf0d9672297170bb73719e1b57b34495a70306fee4209
generated: "2026-02-26T16:23:24.516255Z"
